
Microsoft Visual Studio Solution File, Format Version 12.00
# Visual Studio Version 16
VisualStudioVersion = 16.0.29418.71
MinimumVisualStudioVersion = 10.0.40219.1
Project("{FAE04EC0-301F-11D3-BF4B-00C04F79EFBC}") = "ProjetoClientesApi", "ProjetoClientes\ProjetoClientesApi.csproj", "{6BD64257-82CE-4964-9611-4F905F201FFB}"
EndProject
Project("{FAE04EC0-301F-11D3-BF4B-00C04F79EFBC}") = "ProjetoClientesWeb", "ProjetoClientesWeb\ProjetoClientesWeb.csproj", "{5019C682-8BF8-44DA-97D7-9E665D066477}"
	ProjectSection(ProjectDependencies) = postProject
		{6BD64257-82CE-4964-9611-4F905F201FFB} = {6BD64257-82CE-4964-9611-4F905F201FFB}
	EndProjectSection
EndProject
Global
	GlobalSection(SolutionConfigurationPlatforms) = preSolution
		Debug|Any CPU = Debug|Any CPU
		Release|Any CPU = Release|Any CPU
	EndGlobalSection
	GlobalSection(ProjectConfigurationPlatforms) = postSolution
		{6BD64257-82CE-4964-9611-4F905F201FFB}.Debug|Any CPU.ActiveCfg = Debug|Any CPU
		{6BD64257-82CE-4964-9611-4F905F201FFB}.Debug|Any CPU.Build.0 = Debug|Any CPU
		{6BD64257-82CE-4964-9611-4F905F201FFB}.Release|Any CPU.ActiveCfg = Release|Any CPU
		{6BD64257-82CE-4964-9611-4F905F201FFB}.Release|Any CPU.Build.0 = Release|Any CPU
		{5019C682-8BF8-44DA-97D7-9E665D066477}.Debug|Any CPU.ActiveCfg = Debug|Any CPU
		{5019C682-8BF8-44DA-97D7-9E665D066477}.Release|Any CPU.ActiveCfg = Release|Any CPU
		{5019C682-8BF8-44DA-97D7-9E665D066477}.Release|Any CPU.Build.0 = Release|Any CPU
	EndGlobalSection
	GlobalSection(SolutionProperties) = preSolution
		HideSolutionNode = FALSE
	EndGlobalSection
	GlobalSection(ExtensibilityGlobals) = postSolution
		SolutionGuid = {2719668D-0794-4D39-983B-0C0A73CB6A38}
	EndGlobalSection
EndGlobal
